
Microsoft Visual Studio Solution File, Format Version 12.00
# Visual Studio Version 16
VisualStudioVersion = 16.0.28803.352
MinimumVisualStudioVersion = 10.0.40219.1
Project("{8BC9CEB8-8B4A-11D0-8D11-00A0C91BC942}") = "Lib", "Lib\Lib.vcxproj", "{9C0059E5-4C37-487E-A3F4-8F949E723393}"
EndProject
Project("{8BC9CEB8-8B4A-11D0-8D11-00A0C91BC942}") = "Step1_1A", "Step1\Step1_1A\Step1_1A.vcxproj", "{1D7E5316-6F72-40FF-9B46-B026638FB3AF}"
EndProject
Project("{8BC9CEB8-8B4A-11D0-8D11-00A0C91BC942}") = "Step1_1B", "Step1\Step1_1B\Step1_1B.vcxproj", "{BA777E40-7056-44CD-AE4F-18F804428CA8}"
EndProject
Project("{8BC9CEB8-8B4A-11D0-8D11-00A0C91BC942}") = "Step1_1C", "Step1\Step1_1C\Step1_1C.vcxproj", "{B11F6973-3DB3-4CB2-A17A-E18DABCCD444}"
EndProject
Project("{8BC9CEB8-8B4A-11D0-8D11-00A0C91BC942}") = "Step1_2", "Step1\Step1_2\Step1_2.vcxproj", "{B678584C-AF7F-415D-9C53-D5DAF590EF66}"
EndProject
Project("{2150E333-8FDC-42A3-9474-1A3956D46DE8}") = "Step1", "Step1", "{4FE346F5-FB28-4203-8F1A-52D79866FD9D}"
EndProject
Project("{2150E333-8FDC-42A3-9474-1A3956D46DE8}") = "Step2", "Step2", "{FDE05ED7-D886-4100-8374-879A05B8E8D8}"
EndProject
Project("{8BC9CEB8-8B4A-11D0-8D11-00A0C91BC942}") = "Step2_1", "Step2\Step2_1\Step2_1.vcxproj", "{2D75E2CE-CB84-4888-9CE6-E5677BDF50CB}"
EndProject
Project("{8BC9CEB8-8B4A-11D0-8D11-00A0C91BC942}") = "Step2_3", "Step2\Step2_3\Step2_3.vcxproj", "{AA01C599-C343-4772-A724-8C93C63B53FE}"
EndProject
Project("{8BC9CEB8-8B4A-11D0-8D11-00A0C91BC942}") = "Step3_1", "Step3\Step3_1\Step3_1.vcxproj", "{055FA864-CA07-4602-891A-5C91A6AD6812}"
EndProject
Project("{2150E333-8FDC-42A3-9474-1A3956D46DE8}") = "Step3", "Step3", "{FF2BF5A4-7A12-4FD3-A622-29BD3CDFAB66}"
EndProject
Project("{8BC9CEB8-8B4A-11D0-8D11-00A0C91BC942}") = "Step3_2", "Step3\Step3_2\Step3_2.vcxproj", "{263A7B75-9D8B-4BD7-90A6-4F52FA4A1774}"
EndProject
Project("{8BC9CEB8-8B4A-11D0-8D11-00A0C91BC942}") = "Step4_1", "Step4\Step4_1\Step4_1.vcxproj", "{3E96AB77-CB64-41D2-A6F5-745E9FCE9FCA}"
EndProject
Global
	GlobalSection(SolutionConfigurationPlatforms) = preSolution
		Debug|Any CPU = Debug|Any CPU
		Debug|x64 = Debug|x64
		Debug|x86 = Debug|x86
		Release|Any CPU = Release|Any CPU
		Release|x64 = Release|x64
		Release|x86 = Release|x86
		Step1_1A|Any CPU = Step1_1A|Any CPU
		Step1_1A|x64 = Step1_1A|x64
		Step1_1A|x86 = Step1_1A|x86
	EndGlobalSection
	GlobalSection(ProjectConfigurationPlatforms) = postSolution
		{9C0059E5-4C37-487E-A3F4-8F949E723393}.Debug|Any CPU.ActiveCfg = Debug|Win32
		{9C0059E5-4C37-487E-A3F4-8F949E723393}.Debug|x64.ActiveCfg = Debug|x64
		{9C0059E5-4C37-487E-A3F4-8F949E723393}.Debug|x64.Build.0 = Debug|x64
		{9C0059E5-4C37-487E-A3F4-8F949E723393}.Debug|x86.ActiveCfg = Debug|Win32
		{9C0059E5-4C37-487E-A3F4-8F949E723393}.Debug|x86.Build.0 = Debug|Win32
		{9C0059E5-4C37-487E-A3F4-8F949E723393}.Release|Any CPU.ActiveCfg = Release|Win32
		{9C0059E5-4C37-487E-A3F4-8F949E723393}.Release|x64.ActiveCfg = Release|x64
		{9C0059E5-4C37-487E-A3F4-8F949E723393}.Release|x64.Build.0 = Release|x64
		{9C0059E5-4C37-487E-A3F4-8F949E723393}.Release|x86.ActiveCfg = Release|Win32
		{9C0059E5-4C37-487E-A3F4-8F949E723393}.Release|x86.Build.0 = Release|Win32
		{9C0059E5-4C37-487E-A3F4-8F949E723393}.Step1_1A|Any CPU.ActiveCfg = Release|Win32
		{9C0059E5-4C37-487E-A3F4-8F949E723393}.Step1_1A|Any CPU.Build.0 = Release|Win32
		{9C0059E5-4C37-487E-A3F4-8F949E723393}.Step1_1A|x64.ActiveCfg = Release|x64
		{9C0059E5-4C37-487E-A3F4-8F949E723393}.Step1_1A|x64.Build.0 = Release|x64
		{9C0059E5-4C37-487E-A3F4-8F949E723393}.Step1_1A|x86.ActiveCfg = Debug|Win32
		{9C0059E5-4C37-487E-A3F4-8F949E723393}.Step1_1A|x86.Build.0 = Debug|Win32
		{1D7E5316-6F72-40FF-9B46-B026638FB3AF}.Debug|Any CPU.ActiveCfg = Debug|Win32
		{1D7E5316-6F72-40FF-9B46-B026638FB3AF}.Debug|x64.ActiveCfg = Debug|x64
		{1D7E5316-6F72-40FF-9B46-B026638FB3AF}.Debug|x64.Build.0 = Debug|x64
		{1D7E5316-6F72-40FF-9B46-B026638FB3AF}.Debug|x86.ActiveCfg = Debug|Win32
		{1D7E5316-6F72-40FF-9B46-B026638FB3AF}.Debug|x86.Build.0 = Debug|Win32
		{1D7E5316-6F72-40FF-9B46-B026638FB3AF}.Release|Any CPU.ActiveCfg = Release|Win32
		{1D7E5316-6F72-40FF-9B46-B026638FB3AF}.Release|x64.ActiveCfg = Release|x64
		{1D7E5316-6F72-40FF-9B46-B026638FB3AF}.Release|x64.Build.0 = Release|x64
		{1D7E5316-6F72-40FF-9B46-B026638FB3AF}.Release|x86.ActiveCfg = Release|Win32
		{1D7E5316-6F72-40FF-9B46-B026638FB3AF}.Release|x86.Build.0 = Release|Win32
		{1D7E5316-6F72-40FF-9B46-B026638FB3AF}.Step1_1A|Any CPU.ActiveCfg = Release|Win32
		{1D7E5316-6F72-40FF-9B46-B026638FB3AF}.Step1_1A|Any CPU.Build.0 = Release|Win32
		{1D7E5316-6F72-40FF-9B46-B026638FB3AF}.Step1_1A|x64.ActiveCfg = Release|x64
		{1D7E5316-6F72-40FF-9B46-B026638FB3AF}.Step1_1A|x64.Build.0 = Release|x64
		{1D7E5316-6F72-40FF-9B46-B026638FB3AF}.Step1_1A|x86.ActiveCfg = Debug|Win32
		{1D7E5316-6F72-40FF-9B46-B026638FB3AF}.Step1_1A|x86.Build.0 = Debug|Win32
		{BA777E40-7056-44CD-AE4F-18F804428CA8}.Debug|Any CPU.ActiveCfg = Debug|Win32
		{BA777E40-7056-44CD-AE4F-18F804428CA8}.Debug|x64.ActiveCfg = Debug|x64
		{BA777E40-7056-44CD-AE4F-18F804428CA8}.Debug|x64.Build.0 = Debug|x64
		{BA777E40-7056-44CD-AE4F-18F804428CA8}.Debug|x86.ActiveCfg = Debug|Win32
		{BA777E40-7056-44CD-AE4F-18F804428CA8}.Debug|x86.Build.0 = Debug|Win32
		{BA777E40-7056-44CD-AE4F-18F804428CA8}.Release|Any CPU.ActiveCfg = Release|Win32
		{BA777E40-7056-44CD-AE4F-18F804428CA8}.Release|x64.ActiveCfg = Release|x64
		{BA777E40-7056-44CD-AE4F-18F804428CA8}.Release|x64.Build.0 = Release|x64
		{BA777E40-7056-44CD-AE4F-18F804428CA8}.Release|x86.ActiveCfg = Release|Win32
		{BA777E40-7056-44CD-AE4F-18F804428CA8}.Release|x86.Build.0 = Release|Win32
		{BA777E40-7056-44CD-AE4F-18F804428CA8}.Step1_1A|Any CPU.ActiveCfg = Release|Win32
		{BA777E40-7056-44CD-AE4F-18F804428CA8}.Step1_1A|Any CPU.Build.0 = Release|Win32
		{BA777E40-7056-44CD-AE4F-18F804428CA8}.Step1_1A|x64.ActiveCfg = Release|x64
		{BA777E40-7056-44CD-AE4F-18F804428CA8}.Step1_1A|x64.Build.0 = Release|x64
		{BA777E40-7056-44CD-AE4F-18F804428CA8}.Step1_1A|x86.ActiveCfg = Debug|Win32
		{BA777E40-7056-44CD-AE4F-18F804428CA8}.Step1_1A|x86.Build.0 = Debug|Win32
		{B11F6973-3DB3-4CB2-A17A-E18DABCCD444}.Debug|Any CPU.ActiveCfg = Debug|Win32
		{B11F6973-3DB3-4CB2-A17A-E18DABCCD444}.Debug|x64.ActiveCfg = Debug|x64
		{B11F6973-3DB3-4CB2-A17A-E18DABCCD444}.Debug|x64.Build.0 = Debug|x64
		{B11F6973-3DB3-4CB2-A17A-E18DABCCD444}.Debug|x86.ActiveCfg = Debug|Win32
		{B11F6973-3DB3-4CB2-A17A-E18DABCCD444}.Debug|x86.Build.0 = Debug|Win32
		{B11F6973-3DB3-4CB2-A17A-E18DABCCD444}.Release|Any CPU.ActiveCfg = Release|Win32
		{B11F6973-3DB3-4CB2-A17A-E18DABCCD444}.Release|x64.ActiveCfg = Release|x64
		{B11F6973-3DB3-4CB2-A17A-E18DABCCD444}.Release|x64.Build.0 = Release|x64
		{B11F6973-3DB3-4CB2-A17A-E18DABCCD444}.Release|x86.ActiveCfg = Release|Win32
		{B11F6973-3DB3-4CB2-A17A-E18DABCCD444}.Release|x86.Build.0 = Release|Win32
		{B11F6973-3DB3-4CB2-A17A-E18DABCCD444}.Step1_1A|Any CPU.ActiveCfg = Release|Win32
		{B11F6973-3DB3-4CB2-A17A-E18DABCCD444}.Step1_1A|Any CPU.Build.0 = Release|Win32
		{B11F6973-3DB3-4CB2-A17A-E18DABCCD444}.Step1_1A|x64.ActiveCfg = Release|x64
		{B11F6973-3DB3-4CB2-A17A-E18DABCCD444}.Step1_1A|x64.Build.0 = Release|x64
		{B11F6973-3DB3-4CB2-A17A-E18DABCCD444}.Step1_1A|x86.ActiveCfg = Debug|Win32
		{B11F6973-3DB3-4CB2-A17A-E18DABCCD444}.Step1_1A|x86.Build.0 = Debug|Win32
		{B678584C-AF7F-415D-9C53-D5DAF590EF66}.Debug|Any CPU.ActiveCfg = Debug|Win32
		{B678584C-AF7F-415D-9C53-D5DAF590EF66}.Debug|x64.ActiveCfg = Debug|x64
		{B678584C-AF7F-415D-9C53-D5DAF590EF66}.Debug|x64.Build.0 = Debug|x64
		{B678584C-AF7F-415D-9C53-D5DAF590EF66}.Debug|x86.ActiveCfg = Debug|Win32
		{B678584C-AF7F-415D-9C53-D5DAF590EF66}.Debug|x86.Build.0 = Debug|Win32
		{B678584C-AF7F-415D-9C53-D5DAF590EF66}.Release|Any CPU.ActiveCfg = Release|Win32
		{B678584C-AF7F-415D-9C53-D5DAF590EF66}.Release|x64.ActiveCfg = Release|x64
		{B678584C-AF7F-415D-9C53-D5DAF590EF66}.Release|x64.Build.0 = Release|x64
		{B678584C-AF7F-415D-9C53-D5DAF590EF66}.Release|x86.ActiveCfg = Release|Win32
		{B678584C-AF7F-415D-9C53-D5DAF590EF66}.Release|x86.Build.0 = Release|Win32
		{B678584C-AF7F-415D-9C53-D5DAF590EF66}.Step1_1A|Any CPU.ActiveCfg = Release|Win32
		{B678584C-AF7F-415D-9C53-D5DAF590EF66}.Step1_1A|Any CPU.Build.0 = Release|Win32
		{B678584C-AF7F-415D-9C53-D5DAF590EF66}.Step1_1A|x64.ActiveCfg = Release|x64
		{B678584C-AF7F-415D-9C53-D5DAF590EF66}.Step1_1A|x64.Build.0 = Release|x64
		{B678584C-AF7F-415D-9C53-D5DAF590EF66}.Step1_1A|x86.ActiveCfg = Debug|Win32
		{B678584C-AF7F-415D-9C53-D5DAF590EF66}.Step1_1A|x86.Build.0 = Debug|Win32
		{2D75E2CE-CB84-4888-9CE6-E5677BDF50CB}.Debug|Any CPU.ActiveCfg = Debug|Win32
		{2D75E2CE-CB84-4888-9CE6-E5677BDF50CB}.Debug|x64.ActiveCfg = Debug|x64
		{2D75E2CE-CB84-4888-9CE6-E5677BDF50CB}.Debug|x64.Build.0 = Debug|x64
		{2D75E2CE-CB84-4888-9CE6-E5677BDF50CB}.Debug|x86.ActiveCfg = Debug|Win32
		{2D75E2CE-CB84-4888-9CE6-E5677BDF50CB}.Debug|x86.Build.0 = Debug|Win32
		{2D75E2CE-CB84-4888-9CE6-E5677BDF50CB}.Release|Any CPU.ActiveCfg = Release|Win32
		{2D75E2CE-CB84-4888-9CE6-E5677BDF50CB}.Release|x64.ActiveCfg = Release|x64
		{2D75E2CE-CB84-4888-9CE6-E5677BDF50CB}.Release|x64.Build.0 = Release|x64
		{2D75E2CE-CB84-4888-9CE6-E5677BDF50CB}.Release|x86.ActiveCfg = Release|Win32
		{2D75E2CE-CB84-4888-9CE6-E5677BDF50CB}.Release|x86.Build.0 = Release|Win32
		{2D75E2CE-CB84-4888-9CE6-E5677BDF50CB}.Step1_1A|Any CPU.ActiveCfg = Release|x64
		{2D75E2CE-CB84-4888-9CE6-E5677BDF50CB}.Step1_1A|Any CPU.Build.0 = Release|x64
		{2D75E2CE-CB84-4888-9CE6-E5677BDF50CB}.Step1_1A|x64.ActiveCfg = Release|x64
		{2D75E2CE-CB84-4888-9CE6-E5677BDF50CB}.Step1_1A|x64.Build.0 = Release|x64
		{2D75E2CE-CB84-4888-9CE6-E5677BDF50CB}.Step1_1A|x86.ActiveCfg = Release|Win32
		{2D75E2CE-CB84-4888-9CE6-E5677BDF50CB}.Step1_1A|x86.Build.0 = Release|Win32
		{AA01C599-C343-4772-A724-8C93C63B53FE}.Debug|Any CPU.ActiveCfg = Debug|Win32
		{AA01C599-C343-4772-A724-8C93C63B53FE}.Debug|x64.ActiveCfg = Debug|x64
		{AA01C599-C343-4772-A724-8C93C63B53FE}.Debug|x64.Build.0 = Debug|x64
		{AA01C599-C343-4772-A724-8C93C63B53FE}.Debug|x86.ActiveCfg = Debug|Win32
		{AA01C599-C343-4772-A724-8C93C63B53FE}.Debug|x86.Build.0 = Debug|Win32
		{AA01C599-C343-4772-A724-8C93C63B53FE}.Release|Any CPU.ActiveCfg = Release|Win32
		{AA01C599-C343-4772-A724-8C93C63B53FE}.Release|x64.ActiveCfg = Release|x64
		{AA01C599-C343-4772-A724-8C93C63B53FE}.Release|x64.Build.0 = Release|x64
		{AA01C599-C343-4772-A724-8C93C63B53FE}.Release|x86.ActiveCfg = Release|Win32
		{AA01C599-C343-4772-A724-8C93C63B53FE}.Release|x86.Build.0 = Release|Win32
		{AA01C599-C343-4772-A724-8C93C63B53FE}.Step1_1A|Any CPU.ActiveCfg = Release|x64
		{AA01C599-C343-4772-A724-8C93C63B53FE}.Step1_1A|Any CPU.Build.0 = Release|x64
		{AA01C599-C343-4772-A724-8C93C63B53FE}.Step1_1A|x64.ActiveCfg = Release|x64
		{AA01C599-C343-4772-A724-8C93C63B53FE}.Step1_1A|x64.Build.0 = Release|x64
		{AA01C599-C343-4772-A724-8C93C63B53FE}.Step1_1A|x86.ActiveCfg = Release|Win32
		{AA01C599-C343-4772-A724-8C93C63B53FE}.Step1_1A|x86.Build.0 = Release|Win32
		{055FA864-CA07-4602-891A-5C91A6AD6812}.Debug|Any CPU.ActiveCfg = Debug|Win32
		{055FA864-CA07-4602-891A-5C91A6AD6812}.Debug|x64.ActiveCfg = Debug|x64
		{055FA864-CA07-4602-891A-5C91A6AD6812}.Debug|x64.Build.0 = Debug|x64
		{055FA864-CA07-4602-891A-5C91A6AD6812}.Debug|x86.ActiveCfg = Debug|Win32
		{055FA864-CA07-4602-891A-5C91A6AD6812}.Debug|x86.Build.0 = Debug|Win32
		{055FA864-CA07-4602-891A-5C91A6AD6812}.Release|Any CPU.ActiveCfg = Release|Win32
		{055FA864-CA07-4602-891A-5C91A6AD6812}.Release|x64.ActiveCfg = Release|x64
		{055FA864-CA07-4602-891A-5C91A6AD6812}.Release|x64.Build.0 = Release|x64
		{055FA864-CA07-4602-891A-5C91A6AD6812}.Release|x86.ActiveCfg = Release|Win32
		{055FA864-CA07-4602-891A-5C91A6AD6812}.Release|x86.Build.0 = Release|Win32
		{055FA864-CA07-4602-891A-5C91A6AD6812}.Step1_1A|Any CPU.ActiveCfg = Release|x64
		{055FA864-CA07-4602-891A-5C91A6AD6812}.Step1_1A|Any CPU.Build.0 = Release|x64
		{055FA864-CA07-4602-891A-5C91A6AD6812}.Step1_1A|x64.ActiveCfg = Release|x64
		{055FA864-CA07-4602-891A-5C91A6AD6812}.Step1_1A|x64.Build.0 = Release|x64
		{055FA864-CA07-4602-891A-5C91A6AD6812}.Step1_1A|x86.ActiveCfg = Release|Win32
		{055FA864-CA07-4602-891A-5C91A6AD6812}.Step1_1A|x86.Build.0 = Release|Win32
		{263A7B75-9D8B-4BD7-90A6-4F52FA4A1774}.Debug|Any CPU.ActiveCfg = Debug|Win32
		{263A7B75-9D8B-4BD7-90A6-4F52FA4A1774}.Debug|x64.ActiveCfg = Debug|x64
		{263A7B75-9D8B-4BD7-90A6-4F52FA4A1774}.Debug|x64.Build.0 = Debug|x64
		{263A7B75-9D8B-4BD7-90A6-4F52FA4A1774}.Debug|x86.ActiveCfg = Debug|Win32
		{263A7B75-9D8B-4BD7-90A6-4F52FA4A1774}.Debug|x86.Build.0 = Debug|Win32
		{263A7B75-9D8B-4BD7-90A6-4F52FA4A1774}.Release|Any CPU.ActiveCfg = Release|Win32
		{263A7B75-9D8B-4BD7-90A6-4F52FA4A1774}.Release|x64.ActiveCfg = Release|x64
		{263A7B75-9D8B-4BD7-90A6-4F52FA4A1774}.Release|x64.Build.0 = Release|x64
		{263A7B75-9D8B-4BD7-90A6-4F52FA4A1774}.Release|x86.ActiveCfg = Release|Win32
		{263A7B75-9D8B-4BD7-90A6-4F52FA4A1774}.Release|x86.Build.0 = Release|Win32
		{263A7B75-9D8B-4BD7-90A6-4F52FA4A1774}.Step1_1A|Any CPU.ActiveCfg = Release|x64
		{263A7B75-9D8B-4BD7-90A6-4F52FA4A1774}.Step1_1A|Any CPU.Build.0 = Release|x64
		{263A7B75-9D8B-4BD7-90A6-4F52FA4A1774}.Step1_1A|x64.ActiveCfg = Release|x64
		{263A7B75-9D8B-4BD7-90A6-4F52FA4A1774}.Step1_1A|x64.Build.0 = Release|x64
		{263A7B75-9D8B-4BD7-90A6-4F52FA4A1774}.Step1_1A|x86.ActiveCfg = Release|Win32
		{263A7B75-9D8B-4BD7-90A6-4F52FA4A1774}.Step1_1A|x86.Build.0 = Release|Win32
		{3E96AB77-CB64-41D2-A6F5-745E9FCE9FCA}.Debug|Any CPU.ActiveCfg = Debug|Win32
		{3E96AB77-CB64-41D2-A6F5-745E9FCE9FCA}.Debug|Any CPU.Build.0 = Debug|Win32
		{3E96AB77-CB64-41D2-A6F5-745E9FCE9FCA}.Debug|x64.ActiveCfg = Debug|x64
		{3E96AB77-CB64-41D2-A6F5-745E9FCE9FCA}.Debug|x64.Build.0 = Debug|x64
		{3E96AB77-CB64-41D2-A6F5-745E9FCE9FCA}.Debug|x86.ActiveCfg = Debug|Win32
		{3E96AB77-CB64-41D2-A6F5-745E9FCE9FCA}.Debug|x86.Build.0 = Debug|Win32
		{3E96AB77-CB64-41D2-A6F5-745E9FCE9FCA}.Release|Any CPU.ActiveCfg = Release|Win32
		{3E96AB77-CB64-41D2-A6F5-745E9FCE9FCA}.Release|x64.ActiveCfg = Release|x64
		{3E96AB77-CB64-41D2-A6F5-745E9FCE9FCA}.Release|x64.Build.0 = Release|x64
		{3E96AB77-CB64-41D2-A6F5-745E9FCE9FCA}.Release|x86.ActiveCfg = Release|Win32
		{3E96AB77-CB64-41D2-A6F5-745E9FCE9FCA}.Release|x86.Build.0 = Release|Win32
		{3E96AB77-CB64-41D2-A6F5-745E9FCE9FCA}.Step1_1A|Any CPU.ActiveCfg = Release|x64
		{3E96AB77-CB64-41D2-A6F5-745E9FCE9FCA}.Step1_1A|Any CPU.Build.0 = Release|x64
		{3E96AB77-CB64-41D2-A6F5-745E9FCE9FCA}.Step1_1A|x64.ActiveCfg = Release|x64
		{3E96AB77-CB64-41D2-A6F5-745E9FCE9FCA}.Step1_1A|x64.Build.0 = Release|x64
		{3E96AB77-CB64-41D2-A6F5-745E9FCE9FCA}.Step1_1A|x86.ActiveCfg = Release|Win32
		{3E96AB77-CB64-41D2-A6F5-745E9FCE9FCA}.Step1_1A|x86.Build.0 = Release|Win32
	EndGlobalSection
	GlobalSection(SolutionProperties) = preSolution
		HideSolutionNode = FALSE
	EndGlobalSection
	GlobalSection(NestedProjects) = preSolution
		{1D7E5316-6F72-40FF-9B46-B026638FB3AF} = {4FE346F5-FB28-4203-8F1A-52D79866FD9D}
		{BA777E40-7056-44CD-AE4F-18F804428CA8} = {4FE346F5-FB28-4203-8F1A-52D79866FD9D}
		{B11F6973-3DB3-4CB2-A17A-E18DABCCD444} = {4FE346F5-FB28-4203-8F1A-52D79866FD9D}
		{B678584C-AF7F-415D-9C53-D5DAF590EF66} = {4FE346F5-FB28-4203-8F1A-52D79866FD9D}
		{2D75E2CE-CB84-4888-9CE6-E5677BDF50CB} = {FDE05ED7-D886-4100-8374-879A05B8E8D8}
		{AA01C599-C343-4772-A724-8C93C63B53FE} = {FDE05ED7-D886-4100-8374-879A05B8E8D8}
		{055FA864-CA07-4602-891A-5C91A6AD6812} = {FF2BF5A4-7A12-4FD3-A622-29BD3CDFAB66}
		{263A7B75-9D8B-4BD7-90A6-4F52FA4A1774} = {FF2BF5A4-7A12-4FD3-A622-29BD3CDFAB66}
	EndGlobalSection
	GlobalSection(ExtensibilityGlobals) = postSolution
		SolutionGuid = {B43FDE5E-C8E2-4527-9784-4FEA6DEFDB60}
	EndGlobalSection
EndGlobal
