<?xml version="1.0" encoding="utf-8"?>
<Project ToolsVersion="4.0" xmlns="http://schemas.microsoft.com/developer/msbuild/2003">
  <ItemGroup>
    <Filter Include="Source Files">
      <UniqueIdentifier>{4FC737F1-C7A5-4376-A066-2A32D752A2FF}</UniqueIdentifier>
      <Extensions>cpp;c;cc;cxx;def;odl;idl;hpj;bat;asm;asmx</Extensions>
    </Filter>
    <Filter Include="Header Files">
      <UniqueIdentifier>{93995380-89BD-4b04-88EB-625FBE52EBFB}</UniqueIdentifier>
      <Extensions>h;hh;hpp;hxx;hm;inl;inc;ipp;xsd</Extensions>
    </Filter>
    <Filter Include="Resource Files">
      <UniqueIdentifier>{67DA6AB6-F800-4c08-8B7A-83BB121AAD01}</UniqueIdentifier>
      <Extensions>rc;ico;cur;bmp;dlg;rc2;rct;bin;rgs;gif;jpg;jpeg;jpe;resx;tiff;tif;png;wav;mfcribbon-ms</Extensions>
    </Filter>
    <Filter Include="Header Files\CollectionItem">
      <UniqueIdentifier>{3aa7a8e4-4546-4381-adb4-8f6160796257}</UniqueIdentifier>
    </Filter>
    <Filter Include="Source Files\CollectionItem">
      <UniqueIdentifier>{f7b111dc-f2b9-4dab-bc22-40aaab062eb3}</UniqueIdentifier>
    </Filter>
    <Filter Include="Header Files\UI">
      <UniqueIdentifier>{d685ff9f-a9c4-4d28-99aa-6ced60ecded5}</UniqueIdentifier>
    </Filter>
    <Filter Include="Source Files\UI">
      <UniqueIdentifier>{be706072-cab9-447e-a268-d0ee8fb80694}</UniqueIdentifier>
    </Filter>
  </ItemGroup>
  <ItemGroup>
    <ClCompile Include="Step4_1.cpp">
      <Filter>Source Files</Filter>
    </ClCompile>
    <ClCompile Include="Private\App.cpp">
      <Filter>Source Files</Filter>
    </ClCompile>
    <ClCompile Include="Private\CollectionRegistry.cpp">
      <Filter>Source Files</Filter>
    </ClCompile>
    <ClCompile Include="Private\CollectionItems\StampItem.cpp">
      <Filter>Source Files\CollectionItem</Filter>
    </ClCompile>
    <ClCompile Include="Private\CollectionItems\BaseCollectionItem.cpp">
      <Filter>Source Files\CollectionItem</Filter>
    </ClCompile>
    <ClCompile Include="Private\AddItemMenu.cpp">
      <Filter>Source Files\UI</Filter>
    </ClCompile>
    <ClCompile Include="Private\ShowItemByIdMenu.cpp">
      <Filter>Source Files\UI</Filter>
    </ClCompile>
    <ClCompile Include="Private\MainMenu.cpp">
      <Filter>Source Files\UI</Filter>
    </ClCompile>
    <ClCompile Include="OptionsMenu.cpp">
      <Filter>Source Files\UI</Filter>
    </ClCompile>
    <ClCompile Include="UserInputHelper.cpp">
      <Filter>Source Files\UI</Filter>
    </ClCompile>
    <ClCompile Include="RemoveItemMenu.cpp">
      <Filter>Source Files</Filter>
    </ClCompile>
    <ClCompile Include="Private\FileItemCollectionStorage.cpp">
      <Filter>Source Files</Filter>
    </ClCompile>
    <ClCompile Include="MovieItem.cpp">
      <Filter>Source Files\CollectionItem</Filter>
    </ClCompile>
    <ClCompile Include="ShowItemsByTypeMenu.cpp">
      <Filter>Source Files\UI</Filter>
    </ClCompile>
    <ClCompile Include="SearchItemMenu.cpp">
      <Filter>Source Files\UI</Filter>
    </ClCompile>
  </ItemGroup>
  <ItemGroup>
    <ClInclude Include="Public\App.h">
      <Filter>Header Files</Filter>
    </ClInclude>
    <ClInclude Include="Public\CollectionRegistry.h">
      <Filter>Header Files</Filter>
    </ClInclude>
    <ClInclude Include="Public\CollectionItems\BaseCollectionItem.h">
      <Filter>Header Files\CollectionItem</Filter>
    </ClInclude>
    <ClInclude Include="Public\CollectionItems\StampItem.h">
      <Filter>Header Files\CollectionItem</Filter>
    </ClInclude>
    <ClInclude Include="Public\ShowItemByIdMenu.h">
      <Filter>Header Files\UI</Filter>
    </ClInclude>
    <ClInclude Include="Public\MainMenu.h">
      <Filter>Header Files\UI</Filter>
    </ClInclude>
    <ClInclude Include="Public\AddItemMenu.h">
      <Filter>Header Files\UI</Filter>
    </ClInclude>
    <ClInclude Include="OptionsMenu.h">
      <Filter>Header Files\UI</Filter>
    </ClInclude>
    <ClInclude Include="UserInputHelper.h">
      <Filter>Header Files\UI</Filter>
    </ClInclude>
    <ClInclude Include="RemoveItemMenu.h">
      <Filter>Header Files</Filter>
    </ClInclude>
    <ClInclude Include="IItemCollectionStorage.h">
      <Filter>Header Files</Filter>
    </ClInclude>
    <ClInclude Include="Public\FileItemCollectionStorage.h">
      <Filter>Header Files</Filter>
    </ClInclude>
    <ClInclude Include="MovieItem.h">
      <Filter>Header Files\CollectionItem</Filter>
    </ClInclude>
    <ClInclude Include="ShowItemsByTypeMenu.h">
      <Filter>Header Files\UI</Filter>
    </ClInclude>
    <ClInclude Include="SharedMenuFunctions.h">
      <Filter>Header Files\UI</Filter>
    </ClInclude>
    <ClInclude Include="SearchItemMenu.h">
      <Filter>Header Files\UI</Filter>
    </ClInclude>
  </ItemGroup>
</Project>